
Microsoft Visual Studio Solution File, Format Version 12.00
# Visual Studio Version 16
VisualStudioVersion = 16.0.31613.86
MinimumVisualStudioVersion = 10.0.40219.1
Project("{9A19103F-16F7-4668-BE54-9A1E7A4F7556}") = "AA.DAL", "AA.DAL\AA.DAL.csproj", "{25BA5200-6217-408C-B97C-39657AA3E495}"
EndProject
Project("{9A19103F-16F7-4668-BE54-9A1E7A4F7556}") = "AA.Console", "AA.Console\AA.Console.csproj", "{34F59661-DBCC-4BD0-AC3F-D5040625B647}"
EndProject
Project("{FAE04EC0-301F-11D3-BF4B-00C04F79EFBC}") = "AA.SL", "AA.SL\AA.SL.csproj", "{C2E1D04B-96DB-4F3C-B6D1-4B37200E9769}"
EndProject
Global
	GlobalSection(SolutionConfigurationPlatforms) = preSolution
		Debug|Any CPU = Debug|Any CPU
		Release|Any CPU = Release|Any CPU
	EndGlobalSection
	GlobalSection(ProjectConfigurationPlatforms) = postSolution
		{25BA5200-6217-408C-B97C-39657AA3E495}.Debug|Any CPU.ActiveCfg = Debug|Any CPU
		{25BA5200-6217-408C-B97C-39657AA3E495}.Debug|Any CPU.Build.0 = Debug|Any CPU
		{25BA5200-6217-408C-B97C-39657AA3E495}.Release|Any CPU.ActiveCfg = Release|Any CPU
		{25BA5200-6217-408C-B97C-39657AA3E495}.Release|Any CPU.Build.0 = Release|Any CPU
		{34F59661-DBCC-4BD0-AC3F-D5040625B647}.Debug|Any CPU.ActiveCfg = Debug|Any CPU
		{34F59661-DBCC-4BD0-AC3F-D5040625B647}.Debug|Any CPU.Build.0 = Debug|Any CPU
		{34F59661-DBCC-4BD0-AC3F-D5040625B647}.Release|Any CPU.ActiveCfg = Release|Any CPU
		{34F59661-DBCC-4BD0-AC3F-D5040625B647}.Release|Any CPU.Build.0 = Release|Any CPU
		{C2E1D04B-96DB-4F3C-B6D1-4B37200E9769}.Debug|Any CPU.ActiveCfg = Debug|Any CPU
		{C2E1D04B-96DB-4F3C-B6D1-4B37200E9769}.Debug|Any CPU.Build.0 = Debug|Any CPU
		{C2E1D04B-96DB-4F3C-B6D1-4B37200E9769}.Release|Any CPU.ActiveCfg = Release|Any CPU
		{C2E1D04B-96DB-4F3C-B6D1-4B37200E9769}.Release|Any CPU.Build.0 = Release|Any CPU
	EndGlobalSection
	GlobalSection(SolutionProperties) = preSolution
		HideSolutionNode = FALSE
	EndGlobalSection
	GlobalSection(ExtensibilityGlobals) = postSolution
		SolutionGuid = {0BEF9C79-87D9-4763-81BF-A5F38994335A}
	EndGlobalSection
EndGlobal
